
Microsoft Visual Studio Solution File, Format Version 12.00
# Visual Studio Version 17
VisualStudioVersion = 17.5.002.0
MinimumVisualStudioVersion = 10.0.40219.1
Project("{9A19103F-16F7-4668-BE54-9A1E7A4F7556}") = "finance-api", "finance-api.csproj", "{13EA5454-E80B-4624-8765-908DB9CF9298}"
EndProject
Global
	GlobalSection(SolutionConfigurationPlatforms) = preSolution
		Debug|Any CPU = Debug|Any CPU
		Release|Any CPU = Release|Any CPU
	EndGlobalSection
	GlobalSection(ProjectConfigurationPlatforms) = postSolution
		{13EA5454-E80B-4624-8765-908DB9CF9298}.Debug|Any CPU.ActiveCfg = Debug|Any CPU
		{13EA5454-E80B-4624-8765-908DB9CF9298}.Debug|Any CPU.Build.0 = Debug|Any CPU
		{13EA5454-E80B-4624-8765-908DB9CF9298}.Release|Any CPU.ActiveCfg = Release|Any CPU
		{13EA5454-E80B-4624-8765-908DB9CF9298}.Release|Any CPU.Build.0 = Release|Any CPU
	EndGlobalSection
	GlobalSection(SolutionProperties) = preSolution
		HideSolutionNode = FALSE
	EndGlobalSection
	GlobalSection(ExtensibilityGlobals) = postSolution
		SolutionGuid = {A4C979DD-62D0-4ABA-9158-3DDE07EFD90C}
	EndGlobalSection
EndGlobal
